
Microsoft Visual Studio Solution File, Format Version 12.00
# Visual Studio Version 17
VisualStudioVersion = 17.6.33829.357
MinimumVisualStudioVersion = 10.0.40219.1
Project("{FAE04EC0-301F-11D3-BF4B-00C04F79EFBC}") = "Collections", "Collections\Collections.csproj", "{832C261E-9C3E-4CD0-9954-89A5766AB2C7}"
EndProject
Global
	GlobalSection(SolutionConfigurationPlatforms) = preSolution
		Debug|Any CPU = Debug|Any CPU
		Release|Any CPU = Release|Any CPU
	EndGlobalSection
	GlobalSection(ProjectConfigurationPlatforms) = postSolution
		{832C261E-9C3E-4CD0-9954-89A5766AB2C7}.Debug|Any CPU.ActiveCfg = Debug|Any CPU
		{832C261E-9C3E-4CD0-9954-89A5766AB2C7}.Debug|Any CPU.Build.0 = Debug|Any CPU
		{832C261E-9C3E-4CD0-9954-89A5766AB2C7}.Release|Any CPU.ActiveCfg = Release|Any CPU
		{832C261E-9C3E-4CD0-9954-89A5766AB2C7}.Release|Any CPU.Build.0 = Release|Any CPU
	EndGlobalSection
	GlobalSection(SolutionProperties) = preSolution
		HideSolutionNode = FALSE
	EndGlobalSection
	GlobalSection(ExtensibilityGlobals) = postSolution
		SolutionGuid = {CE7F2539-AAF2-4116-9513-F9615A8F278D}
	EndGlobalSection
EndGlobal
